
Microsoft Visual Studio Solution File, Format Version 12.00
# Visual Studio Version 17
VisualStudioVersion = 17.13.35931.197
MinimumVisualStudioVersion = 10.0.40219.1
Project("{FAE04EC0-301F-11D3-BF4B-00C04F79EFBC}") = "app_launcher", "app_launcher.csproj", "{EFEF5315-0630-4FE0-B78B-DD9AF219F32B}"
EndProject
Global
	GlobalSection(SolutionConfigurationPlatforms) = preSolution
		Debug|Any CPU = Debug|Any CPU
		Release|Any CPU = Release|Any CPU
	EndGlobalSection
	GlobalSection(ProjectConfigurationPlatforms) = postSolution
		{EFEF5315-0630-4FE0-B78B-DD9AF219F32B}.Debug|Any CPU.ActiveCfg = Debug|Any CPU
		{EFEF5315-0630-4FE0-B78B-DD9AF219F32B}.Debug|Any CPU.Build.0 = Debug|Any CPU
		{EFEF5315-0630-4FE0-B78B-DD9AF219F32B}.Release|Any CPU.ActiveCfg = Release|Any CPU
		{EFEF5315-0630-4FE0-B78B-DD9AF219F32B}.Release|Any CPU.Build.0 = Release|Any CPU
	EndGlobalSection
	GlobalSection(SolutionProperties) = preSolution
		HideSolutionNode = FALSE
	EndGlobalSection
	GlobalSection(ExtensibilityGlobals) = postSolution
		SolutionGuid = {6E374344-DD94-44DA-9049-7B8106B5FED6}
	EndGlobalSection
EndGlobal
